
Microsoft Visual Studio Solution File, Format Version 12.00
# Visual Studio Version 17
VisualStudioVersion = 17.0.32126.317
MinimumVisualStudioVersion = 10.0.40219.1
Project("{FAE04EC0-301F-11D3-BF4B-00C04F79EFBC}") = "FactoryMethodPatternDemo", "FactoryMethodDemo.Bank\FactoryMethodPatternDemo.csproj", "{A44C14DF-24CB-45F3-B58E-1DFDF105ED4D}"
EndProject
Global
	GlobalSection(SolutionConfigurationPlatforms) = preSolution
		Debug|Any CPU = Debug|Any CPU
		Release|Any CPU = Release|Any CPU
	EndGlobalSection
	GlobalSection(ProjectConfigurationPlatforms) = postSolution
		{A44C14DF-24CB-45F3-B58E-1DFDF105ED4D}.Debug|Any CPU.ActiveCfg = Debug|Any CPU
		{A44C14DF-24CB-45F3-B58E-1DFDF105ED4D}.Debug|Any CPU.Build.0 = Debug|Any CPU
		{A44C14DF-24CB-45F3-B58E-1DFDF105ED4D}.Release|Any CPU.ActiveCfg = Release|Any CPU
		{A44C14DF-24CB-45F3-B58E-1DFDF105ED4D}.Release|Any CPU.Build.0 = Release|Any CPU
	EndGlobalSection
	GlobalSection(SolutionProperties) = preSolution
		HideSolutionNode = FALSE
	EndGlobalSection
	GlobalSection(ExtensibilityGlobals) = postSolution
		SolutionGuid = {8DD0F036-31FE-435B-8FB4-F779B7E734D1}
	EndGlobalSection
EndGlobal
